
Microsoft Visual Studio Solution File, Format Version 12.00
# Visual Studio Version 16
VisualStudioVersion = 16.0.30907.101
MinimumVisualStudioVersion = 10.0.40219.1
Project("{FAE04EC0-301F-11D3-BF4B-00C04F79EFBC}") = "budget_calculator", "budget_calculator\budget_calculator.csproj", "{C630DCEB-70EF-4CD3-A09D-AA7C1284CBC3}"
EndProject
Global
	GlobalSection(SolutionConfigurationPlatforms) = preSolution
		Debug|Any CPU = Debug|Any CPU
		Release|Any CPU = Release|Any CPU
	EndGlobalSection
	GlobalSection(ProjectConfigurationPlatforms) = postSolution
		{C630DCEB-70EF-4CD3-A09D-AA7C1284CBC3}.Debug|Any CPU.ActiveCfg = Debug|Any CPU
		{C630DCEB-70EF-4CD3-A09D-AA7C1284CBC3}.Debug|Any CPU.Build.0 = Debug|Any CPU
		{C630DCEB-70EF-4CD3-A09D-AA7C1284CBC3}.Release|Any CPU.ActiveCfg = Release|Any CPU
		{C630DCEB-70EF-4CD3-A09D-AA7C1284CBC3}.Release|Any CPU.Build.0 = Release|Any CPU
	EndGlobalSection
	GlobalSection(SolutionProperties) = preSolution
		HideSolutionNode = FALSE
	EndGlobalSection
	GlobalSection(ExtensibilityGlobals) = postSolution
		SolutionGuid = {1706E98A-568C-49F0-86EC-F6DEA9081065}
	EndGlobalSection
EndGlobal
